
Microsoft Visual Studio Solution File, Format Version 12.00
# Visual Studio 15
VisualStudioVersion = 15.0.27102.0
MinimumVisualStudioVersion = 10.0.40219.1
Project("{9A19103F-16F7-4668-BE54-9A1E7A4F7556}") = "ContosoInsAuthorityAdminPortal", "ContosoInsAuthorityAdminPortal\ContosoInsAuthorityAdminPortal.csproj", "{8A64C828-99E6-4BA8-AD62-BEA60DF94094}"
EndProject
Project("{9A19103F-16F7-4668-BE54-9A1E7A4F7556}") = "ContosoinsExtPortal", "ContosoinsExtPortal\ContosoinsExtPortal.csproj", "{2A1A08DD-BD5E-4AAB-8F4E-D40EF05446B7}"
EndProject
Project("{2150E333-8FDC-42A3-9474-1A3956D46DE8}") = "Scripts", "Scripts", "{94366AA5-4043-4EBD-8847-A0B08A8349B7}"
	ProjectSection(SolutionItems) = preProject
		scripts\PrepareContosoAKV.ps1 = scripts\PrepareContosoAKV.ps1
		scripts\PrepareContosousersAKV.ps1 = scripts\PrepareContosousersAKV.ps1
	EndProjectSection
EndProject
Global
	GlobalSection(SolutionConfigurationPlatforms) = preSolution
		Debug|Any CPU = Debug|Any CPU
		Release|Any CPU = Release|Any CPU
	EndGlobalSection
	GlobalSection(ProjectConfigurationPlatforms) = postSolution
		{8A64C828-99E6-4BA8-AD62-BEA60DF94094}.Debug|Any CPU.ActiveCfg = Debug|Any CPU
		{8A64C828-99E6-4BA8-AD62-BEA60DF94094}.Debug|Any CPU.Build.0 = Debug|Any CPU
		{8A64C828-99E6-4BA8-AD62-BEA60DF94094}.Release|Any CPU.ActiveCfg = Release|Any CPU
		{8A64C828-99E6-4BA8-AD62-BEA60DF94094}.Release|Any CPU.Build.0 = Release|Any CPU
		{2A1A08DD-BD5E-4AAB-8F4E-D40EF05446B7}.Debug|Any CPU.ActiveCfg = Debug|Any CPU
		{2A1A08DD-BD5E-4AAB-8F4E-D40EF05446B7}.Debug|Any CPU.Build.0 = Debug|Any CPU
		{2A1A08DD-BD5E-4AAB-8F4E-D40EF05446B7}.Release|Any CPU.ActiveCfg = Release|Any CPU
		{2A1A08DD-BD5E-4AAB-8F4E-D40EF05446B7}.Release|Any CPU.Build.0 = Release|Any CPU
	EndGlobalSection
	GlobalSection(SolutionProperties) = preSolution
		HideSolutionNode = FALSE
	EndGlobalSection
	GlobalSection(ExtensibilityGlobals) = postSolution
		SolutionGuid = {01CC8761-9C51-4831-B165-1C819C50AF9A}
	EndGlobalSection
EndGlobal
